
Microsoft Visual Studio Solution File, Format Version 12.00
Project("{FAE04EC0-301F-11D3-BF4B-00C04F79EFBC}") = "FBWordCount", "FBWordCount\FBWordCount.csproj", "{0BBD9402-91A7-46DD-9E29-5F0B4E0A362B}"
EndProject
Global
	GlobalSection(SolutionConfigurationPlatforms) = preSolution
		Debug|Any CPU = Debug|Any CPU
		Release|Any CPU = Release|Any CPU
	EndGlobalSection
	GlobalSection(ProjectConfigurationPlatforms) = postSolution
		{0BBD9402-91A7-46DD-9E29-5F0B4E0A362B}.Debug|Any CPU.ActiveCfg = Debug|Any CPU
		{0BBD9402-91A7-46DD-9E29-5F0B4E0A362B}.Debug|Any CPU.Build.0 = Debug|Any CPU
		{0BBD9402-91A7-46DD-9E29-5F0B4E0A362B}.Release|Any CPU.ActiveCfg = Release|Any CPU
		{0BBD9402-91A7-46DD-9E29-5F0B4E0A362B}.Release|Any CPU.Build.0 = Release|Any CPU
	EndGlobalSection
EndGlobal
